
Microsoft Visual Studio Solution File, Format Version 12.00
# Visual Studio Version 17
VisualStudioVersion = 17.0.31903.59
MinimumVisualStudioVersion = 10.0.40219.1
Project("{FAE04EC0-301F-11D3-BF4B-00C04F79EFBC}") = "App", "App\App.csproj", "{4BB501A2-02CF-45BC-A860-4EF45A7324B7}"
EndProject
Project("{FAE04EC0-301F-11D3-BF4B-00C04F79EFBC}") = "Tests", "Tests\Tests.csproj", "{5EF93E31-CD93-4A8E-B756-A7A049BBCFBD}"
EndProject
Global
	GlobalSection(SolutionConfigurationPlatforms) = preSolution
		Debug|Any CPU = Debug|Any CPU
		Release|Any CPU = Release|Any CPU
	EndGlobalSection
	GlobalSection(SolutionProperties) = preSolution
		HideSolutionNode = FALSE
	EndGlobalSection
	GlobalSection(ProjectConfigurationPlatforms) = postSolution
		{4BB501A2-02CF-45BC-A860-4EF45A7324B7}.Debug|Any CPU.ActiveCfg = Debug|Any CPU
		{4BB501A2-02CF-45BC-A860-4EF45A7324B7}.Debug|Any CPU.Build.0 = Debug|Any CPU
		{4BB501A2-02CF-45BC-A860-4EF45A7324B7}.Release|Any CPU.ActiveCfg = Release|Any CPU
		{4BB501A2-02CF-45BC-A860-4EF45A7324B7}.Release|Any CPU.Build.0 = Release|Any CPU
		{5EF93E31-CD93-4A8E-B756-A7A049BBCFBD}.Debug|Any CPU.ActiveCfg = Debug|Any CPU
		{5EF93E31-CD93-4A8E-B756-A7A049BBCFBD}.Debug|Any CPU.Build.0 = Debug|Any CPU
		{5EF93E31-CD93-4A8E-B756-A7A049BBCFBD}.Release|Any CPU.ActiveCfg = Release|Any CPU
		{5EF93E31-CD93-4A8E-B756-A7A049BBCFBD}.Release|Any CPU.Build.0 = Release|Any CPU
	EndGlobalSection
EndGlobal
